// !$*UTF8*$!
{
	archiveVersion = 1;
	classes = {
	};
	objectVersion = 46;
	objects = {

/* Begin PBXBuildFile section */
		CBFEC22E1C8A8ECC00610D24 /* AppDelegate.swift in Sources */ = {isa = PBXBuildFile; fileRef = CBFEC22D1C8A8ECC00610D24 /* AppDelegate.swift */; };
		CBFEC2301C8A8ECC00610D24 /* ViewController.swift in Sources */ = {isa = PBXBuildFile; fileRef = CBFEC22F1C8A8ECC00610D24 /* ViewController.swift */; };
		CBFEC2331C8A8ECC00610D24 /* Main.storyboard in Resources */ = {isa = PBXBuildFile; fileRef = CBFEC2311C8A8ECC00610D24 /* Main.storyboard */; };
		CBFEC2351C8A8ECC00610D24 /* Assets.xcassets in Resources */ = {isa = PBXBuildFile; fileRef = CBFEC2341C8A8ECC00610D24 /* Assets.xcassets */; };
		CBFEC2381C8A8ECC00610D24 /* LaunchScreen.storyboard in Resources */ = {isa = PBXBuildFile; fileRef = CBFEC2361C8A8ECC00610D24 /* LaunchScreen.storyboard */; };
		CBFEC2401C8A8EF700610D24 /* Datos.swift in Sources */ = {isa = PBXBuildFile; fileRef = CBFEC23F1C8A8EF700610D24 /* Datos.swift */; };
/* End PBXBuildFile section */

/* Begin PBXFileReference section */
		CBFEC22A1C8A8ECC00610D24 /* GuerraHamburguesa.app */ = {isa = PBXFileReference; explicitFileType = wrapper.application; includeInIndex = 0; path = GuerraHamburguesa.app; sourceTree = BUILT_PRODUCTS_DIR; };
		CBFEC22D1C8A8ECC00610D24 /* AppDelegate.swift */ = {isa = PBXFileReference; lastKnownFileType = sourcecode.swift; path = AppDelegate.swift; sourceTree = "<group>"; };
		CBFEC22F1C8A8ECC00610D24 /* ViewController.swift */ = {isa = PBXFileReference; lastKnownFileType = sourcecode.swift; path = ViewController.swift; sourceTree = "<group>"; };
		CBFEC2321C8A8ECC00610D24 /* Base */ = {isa = PBXFileReference; lastKnownFileType = file.storyboard; name = Base; path = Base.lproj/Main.storyboard; sourceTree = "<group>"; };
		CBFEC2341C8A8ECC00610D24 /* Assets.xcassets */ = {isa = PBXFileReference; lastKnownFileType = folder.assetcatalog; path = Assets.xcassets; sourceTree = "<group>"; };
		CBFEC2371C8A8ECC00610D24 /* Base */ = {isa = PBXFileReference; lastKnownFileType = file.storyboard; name = Base; path = Base.lproj/LaunchScreen.storyboard; sourceTree = "<group>"; };
		CBFEC2391C8A8ECC00610D24 /* Info.plist */ = {isa = PBXFileReference; lastKnownFileType = text.plist.xml; path = Info.plist; sourceTree = "<group>"; };
		CBFEC23F1C8A8EF700610D24 /* Datos.swift */ = {isa = PBXFileReference; fileEncoding = 4; lastKnownFileType = sourcecode.swift; path = Datos.swift; sourceTree = "<group>"; };
/* End PBXFileReference section */

/* Begin PBXFrameworksBuildPhase section */
		CBFEC2271C8A8ECC00610D24 /* Frameworks */ = {
			isa = PBXFrameworksBuildPhase;
			buildActionMask = 2147483647;
			files = (
			);
			runOnlyForDeploymentPostprocessing = 0;
		};
/* End PBXFrameworksBuildPhase section */

/* Begin PBXGroup section */
		CBFEC2211C8A8ECC00610D24 = {
			isa = PBXGroup;
			children = (
				CBFEC22C1C8A8ECC00610D24 /* GuerraHamburguesa */,
				CBFEC22B1C8A8ECC00610D24 /* Products */,
			);
			sourceTree = "<group>";
		};
		CBFEC22B1C8A8ECC00610D24 /* Products */ = {
			isa = PBXGroup;
			children = (
				CBFEC22A1C8A8ECC00610D24 /* GuerraHamburguesa.app */,
			);
			name = Products;
			sourceTree = "<group>";
		};
		CBFEC22C1C8A8ECC00610D24 /* GuerraHamburguesa */ = {
			isa = PBXGroup;
			children = (
				CBFEC22D1C8A8ECC00610D24 /* AppDelegate.swift */,
				CBFEC22F1C8A8ECC00610D24 /* ViewController.swift */,
				CBFEC2311C8A8ECC00610D24 /* Main.storyboard */,
				CBFEC2341C8A8ECC00610D24 /* Assets.xcassets */,
				CBFEC2361C8A8ECC00610D24 /* LaunchScreen.storyboard */,
				CBFEC2391C8A8ECC00610D24 /* Info.plist */,
				CBFEC23F1C8A8EF700610D24 /* Datos.swift */,
			);
			path = GuerraHamburguesa;
			sourceTree = "<group>";
		};
/* End PBXGroup section */

/* Begin PBXNativeTarget section */
		CBFEC2291C8A8ECC00610D24 /* GuerraHamburguesa */ = {
			isa = PBXNativeTarget;
			buildConfigurationList = CBFEC23C1C8A8ECC00610D24 /* Build configuration list for PBXNativeTarget "GuerraHamburguesa" */;
			buildPhases = (
				CBFEC2261C8A8ECC00610D24 /* Sources */,
				CBFEC2271C8A8ECC00610D24 /* Frameworks */,
				CBFEC2281C8A8ECC00610D24 /* Resources */,
			);
			buildRules = (
			);
			dependencies = (
			);
			name = GuerraHamburguesa;
			productName = GuerraHamburguesa;
			productReference = CBFEC22A1C8A8ECC00610D24 /* GuerraHamburguesa.app */;
			productType = "com.apple.product-type.application";
		};
/* End PBXNativeTarget section */

/* Begin PBXProject section */
		CBFEC2221C8A8ECC00610D24 /* Project object */ = {
			isa = PBXProject;
			attributes = {
				LastSwiftUpdateCheck = 0720;
				LastUpgradeCheck = 0720;
				ORGANIZATIONNAME = Jairman;
				TargetAttributes = {
					CBFEC2291C8A8ECC00610D24 = {
						CreatedOnToolsVersion = 7.2.1;
					};
				};
			};
			buildConfigurationList = CBFEC2251C8A8ECC00610D24 /* Build configuration list for PBXProject "GuerraHamburguesa" */;
			compatibilityVersion = "Xcode 3.2";
			developmentRegion = English;
			hasScannedForEncodings = 0;
			knownRegions = (
				en,
				Base,
			);
			mainGroup = CBFEC2211C8A8ECC00610D24;
			productRefGroup = CBFEC22B1C8A8ECC00610D24 /* Products */;
			projectDirPath = "";
			projectRoot = "";
			targets = (
				CBFEC2291C8A8ECC00610D24 /* GuerraHamburguesa */,
			);
		};
/* End PBXProject section */

/* Begin PBXResourcesBuildPhase section */
		CBFEC2281C8A8ECC00610D24 /* Resources */ = {
			isa = PBXResourcesBuildPhase;
			buildActionMask = 2147483647;
			files = (
				CBFEC2381C8A8ECC00610D24 /* LaunchScreen.storyboard in Resources */,
				CBFEC2351C8A8ECC00610D24 /* Assets.xcassets in Resources */,
				CBFEC2331C8A8ECC00610D24 /* Main.storyboard in Resources */,
			);
			runOnlyForDeploymentPostprocessing = 0;
		};
/* End PBXResourcesBuildPhase section */

/* Begin PBXSourcesBuildPhase section */
		CBFEC2261C8A8ECC00610D24 /* Sources */ = {
			isa = PBXSourcesBuildPhase;
			buildActionMask = 2147483647;
			files = (
				CBFEC2301C8A8ECC00610D24 /* ViewController.swift in Sources */,
				CBFEC22E1C8A8ECC00610D24 /* AppDelegate.swift in Sources */,
				CBFEC2401C8A8EF700610D24 /* Datos.swift in Sources */,
			);
			runOnlyForDeploymentPostprocessing = 0;
		};
/* End PBXSourcesBuildPhase section */

/* Begin PBXVariantGroup section */
		CBFEC2311C8A8ECC00610D24 /* Main.storyboard */ = {
			isa = PBXVariantGroup;
			children = (
				CBFEC2321C8A8ECC00610D24 /* Base */,
			);
			name = Main.storyboard;
			sourceTree = "<group>";
		};
		CBFEC2361C8A8ECC00610D24 /* LaunchScreen.storyboard */ = {
			isa = PBXVariantGroup;
			children = (
				CBFEC2371C8A8ECC00610D24 /* Base */,
			);
			name = LaunchScreen.storyboard;
			sourceTree = "<group>";
		};
/* End PBXVariantGroup section */

/* Begin XCBuildConfiguration section */
		CBFEC23A1C8A8ECC00610D24 /* Debug */ = {
			isa = XCBuildConfiguration;
			buildSettings = {
				ALWAYS_SEARCH_USER_PATHS = NO;
				CLANG_CXX_LANGUAGE_STANDARD = "gnu++0x";
				CLANG_CXX_LIBRARY = "libc++";
				CLANG_ENABLE_MODULES = YES;
				CLANG_ENABLE_OBJC_ARC = YES;
				CLANG_WARN_BOOL_CONVERSION = YES;
				CLANG_WARN_CONSTANT_CONVERSION = YES;
				CLANG_WARN_DIRECT_OBJC_ISA_USAGE = YES_ERROR;
				CLANG_WARN_EMPTY_BODY = YES;
				CLANG_WARN_ENUM_CONVERSION = YES;
				CLANG_WARN_INT_CONVERSION = YES;
				CLANG_WARN_OBJC_ROOT_CLASS = YES_ERROR;
				CLANG_WARN_UNREACHABLE_CODE = YES;
				CLANG_WARN__DUPLICATE_METHOD_MATCH = YES;
				"CODE_SIGN_IDENTITY[sdk=iphoneos*]" = "iPhone Developer";
				COPY_PHASE_STRIP = NO;
				DEBUG_INFORMATION_FORMAT = dwarf;
				ENABLE_STRICT_OBJC_MSGSEND = YES;
				ENABLE_TESTABILITY = YES;
				GCC_C_LANGUAGE_STANDARD = gnu99;
				GCC_DYNAMIC_NO_PIC = NO;
				GCC_NO_COMMON_BLOCKS = YES;
				GCC_OPTIMIZATION_LEVEL = 0;
				GCC_PREPROCESSOR_DEFINITIONS = (
					"DEBUG=1",
					"$(inherited)",
				);
				GCC_WARN_64_TO_32_BIT_CONVERSION = YES;
				GCC_WARN_ABOUT_RETURN_TYPE = YES_ERROR;
				GCC_WARN_UNDECLARED_SELECTOR = YES;
				GCC_WARN_UNINITIALIZED_AUTOS = YES_AGGRESSIVE;
				GCC_WARN_UNUSED_FUNCTION = YES;
				GCC_WARN_UNUSED_VARIABLE = YES;
				IPHONEOS_DEPLOYMENT_TARGET = 9.2;
				MTL_ENABLE_DEBUG_INFO = YES;
				ONLY_ACTIVE_ARCH = YES;
				SDKROOT = iphoneos;
				SWIFT_OPTIMIZATION_LEVEL = "-Onone";
			};
			name = Debug;
		};
		CBFEC23B1C8A8ECC00610D24 /* Release */ = {
			isa = XCBuildConfiguration;
			buildSettings = {
				ALWAYS_SEARCH_USER_PATHS = NO;
				CLANG_CXX_LANGUAGE_STANDARD = "gnu++0x";
				CLANG_CXX_LIBRARY = "libc++";
				CLANG_ENABLE_MODULES = YES;
				CLANG_ENABLE_OBJC_ARC = YES;
				CLANG_WARN_BOOL_CONVERSION = YES;
				CLANG_WARN_CONSTANT_CONVERSION = YES;
				CLANG_WARN_DIRECT_OBJC_ISA_USAGE = YES_ERROR;
				CLANG_WARN_EMPTY_BODY = YES;
				CLANG_WARN_ENUM_CONVERSION = YES;
				CLANG_WARN_INT_CONVERSION = YES;
				CLANG_WARN_OBJC_ROOT_CLASS = YES_ERROR;
				CLANG_WARN_UNREACHABLE_CODE = YES;
				CLANG_WARN__DUPLICATE_METHOD_MATCH = YES;
				"CODE_SIGN_IDENTITY[sdk=iphoneos*]" = "iPhone Developer";
				COPY_PHASE_STRIP = NO;
				DEBUG_INFORMATION_FORMAT = "dwarf-with-dsym";
				ENABLE_NS_ASSERTIONS = NO;
				ENABLE_STRICT_OBJC_MSGSEND = YES;
				GCC_C_LANGUAGE_STANDARD = gnu99;
				GCC_NO_COMMON_BLOCKS = YES;
				GCC_WARN_64_TO_32_BIT_CONVERSION = YES;
				GCC_WARN_ABOUT_RETURN_TYPE = YES_ERROR;
				GCC_WARN_UNDECLARED_SELECTOR = YES;
				GCC_WARN_UNINITIALIZED_AUTOS = YES_AGGRESSIVE;
				GCC_WARN_UNUSED_FUNCTION = YES;
				GCC_WARN_UNUSED_VARIABLE = YES;
				IPHONEOS_DEPLOYMENT_TARGET = 9.2;
				MTL_ENABLE_DEBUG_INFO = NO;
				SDKROOT = iphoneos;
				VALIDATE_PRODUCT = YES;
			};
			name = Release;
		};
		CBFEC23D1C8A8ECC00610D24 /* Debug */ = {
			isa = XCBuildConfiguration;
			buildSettings = {
				ASSETCATALOG_COMPILER_APPICON_NAME = AppIcon;
				INFOPLIST_FILE = GuerraHamburguesa/Info.plist;
				LD_RUNPATH_SEARCH_PATHS = "$(inherited) @executable_path/Frameworks";
				PRODUCT_BUNDLE_IDENTIFIER = jairman.GuerraHamburguesa;
				PRODUCT_NAME = "$(TARGET_NAME)";
			};
			name = Debug;
		};
		CBFEC23E1C8A8ECC00610D24 /* Release */ = {
			isa = XCBuildConfiguration;
			buildSettings = {
				ASSETCATALOG_COMPILER_APPICON_NAME = AppIcon;
				INFOPLIST_FILE = GuerraHamburguesa/Info.plist;
				LD_RUNPATH_SEARCH_PATHS = "$(inherited) @executable_path/Frameworks";
				PRODUCT_BUNDLE_IDENTIFIER = jairman.GuerraHamburguesa;
				PRODUCT_NAME = "$(TARGET_NAME)";
			};
			name = Release;
		};
/* End XCBuildConfiguration section */

/* Begin XCConfigurationList section */
		CBFEC2251C8A8ECC00610D24 /* Build configuration list for PBXProject "GuerraHamburguesa" */ = {
			isa = XCConfigurationList;
			buildConfigurations = (
				CBFEC23A1C8A8ECC00610D24 /* Debug */,
				CBFEC23B1C8A8ECC00610D24 /* Release */,
			);
			defaultConfigurationIsVisible = 0;
			defaultConfigurationName = Release;
		};
		CBFEC23C1C8A8ECC00610D24 /* Build configuration list for PBXNativeTarget "GuerraHamburguesa" */ = {
			isa = XCConfigurationList;
			buildConfigurations = (
				CBFEC23D1C8A8ECC00610D24 /* Debug */,
				CBFEC23E1C8A8ECC00610D24 /* Release */,
			);
			defaultConfigurationIsVisible = 0;
		};
/* End XCConfigurationList section */
	};
	rootObject = CBFEC2221C8A8ECC00610D24 /* Project object */;
}
